
Microsoft Visual Studio Solution File, Format Version 12.00
# Visual Studio Version 17
VisualStudioVersion = 17.14.36414.22
MinimumVisualStudioVersion = 10.0.40219.1
Project("{8BC9CEB8-8B4A-11D0-8D11-00A0C91BC942}") = "exo1", "exo1.vcxproj", "{0D8FBC09-2F3A-40AA-A0F2-80C07009E8C1}"
EndProject
Project("{8BC9CEB8-8B4A-11D0-8D11-00A0C91BC942}") = "exo2", "..\eox2.c++\eox2.c++.vcxproj", "{7B0AD499-EBC3-47A0-B1B4-2FDC6BEB6CB7}"
EndProject
Global
	GlobalSection(SolutionConfigurationPlatforms) = preSolution
		Debug|x64 = Debug|x64
		Debug|x86 = Debug|x86
		Release|x64 = Release|x64
		Release|x86 = Release|x86
	EndGlobalSection
	GlobalSection(ProjectConfigurationPlatforms) = postSolution
		{0D8FBC09-2F3A-40AA-A0F2-80C07009E8C1}.Debug|x64.ActiveCfg = Debug|x64
		{0D8FBC09-2F3A-40AA-A0F2-80C07009E8C1}.Debug|x64.Build.0 = Debug|x64
		{0D8FBC09-2F3A-40AA-A0F2-80C07009E8C1}.Debug|x86.ActiveCfg = Debug|Win32
		{0D8FBC09-2F3A-40AA-A0F2-80C07009E8C1}.Debug|x86.Build.0 = Debug|Win32
		{0D8FBC09-2F3A-40AA-A0F2-80C07009E8C1}.Release|x64.ActiveCfg = Release|x64
		{0D8FBC09-2F3A-40AA-A0F2-80C07009E8C1}.Release|x64.Build.0 = Release|x64
		{0D8FBC09-2F3A-40AA-A0F2-80C07009E8C1}.Release|x86.ActiveCfg = Release|Win32
		{0D8FBC09-2F3A-40AA-A0F2-80C07009E8C1}.Release|x86.Build.0 = Release|Win32
		{7B0AD499-EBC3-47A0-B1B4-2FDC6BEB6CB7}.Debug|x64.ActiveCfg = Debug|x64
		{7B0AD499-EBC3-47A0-B1B4-2FDC6BEB6CB7}.Debug|x64.Build.0 = Debug|x64
		{7B0AD499-EBC3-47A0-B1B4-2FDC6BEB6CB7}.Debug|x86.ActiveCfg = Debug|Win32
		{7B0AD499-EBC3-47A0-B1B4-2FDC6BEB6CB7}.Debug|x86.Build.0 = Debug|Win32
		{7B0AD499-EBC3-47A0-B1B4-2FDC6BEB6CB7}.Release|x64.ActiveCfg = Release|x64
		{7B0AD499-EBC3-47A0-B1B4-2FDC6BEB6CB7}.Release|x64.Build.0 = Release|x64
		{7B0AD499-EBC3-47A0-B1B4-2FDC6BEB6CB7}.Release|x86.ActiveCfg = Release|Win32
		{7B0AD499-EBC3-47A0-B1B4-2FDC6BEB6CB7}.Release|x86.Build.0 = Release|Win32
	EndGlobalSection
	GlobalSection(SolutionProperties) = preSolution
		HideSolutionNode = FALSE
	EndGlobalSection
	GlobalSection(ExtensibilityGlobals) = postSolution
		SolutionGuid = {F2AC374D-A4CF-4590-B2DA-90B1A8E6C045}
	EndGlobalSection
EndGlobal
